
Microsoft Visual Studio Solution File, Format Version 12.00
# Visual Studio Version 17
VisualStudioVersion = 17.4.33213.308
MinimumVisualStudioVersion = 10.0.40219.1
Project("{FAE04EC0-301F-11D3-BF4B-00C04F79EFBC}") = "testingtesting1-2", "testingtesting1-2.csproj", "{32A30A8B-3535-4D51-A1E7-400EBEA38D7A}"
EndProject
Global
	GlobalSection(SolutionConfigurationPlatforms) = preSolution
		Debug|Any CPU = Debug|Any CPU
		Release|Any CPU = Release|Any CPU
	EndGlobalSection
	GlobalSection(ProjectConfigurationPlatforms) = postSolution
		{32A30A8B-3535-4D51-A1E7-400EBEA38D7A}.Debug|Any CPU.ActiveCfg = Debug|Any CPU
		{32A30A8B-3535-4D51-A1E7-400EBEA38D7A}.Debug|Any CPU.Build.0 = Debug|Any CPU
		{32A30A8B-3535-4D51-A1E7-400EBEA38D7A}.Release|Any CPU.ActiveCfg = Release|Any CPU
		{32A30A8B-3535-4D51-A1E7-400EBEA38D7A}.Release|Any CPU.Build.0 = Release|Any CPU
	EndGlobalSection
	GlobalSection(SolutionProperties) = preSolution
		HideSolutionNode = FALSE
	EndGlobalSection
	GlobalSection(ExtensibilityGlobals) = postSolution
		SolutionGuid = {56F4E23D-B677-40B4-B085-12D3F2CE7C71}
	EndGlobalSection
EndGlobal
