
Microsoft Visual Studio Solution File, Format Version 12.00
# Visual Studio Version 17
VisualStudioVersion = 17.4.33213.308
MinimumVisualStudioVersion = 10.0.40219.1
Project("{FAE04EC0-301F-11D3-BF4B-00C04F79EFBC}") = "Pendergast_PE12-5", "Pendergast_PE12-5.csproj", "{9505C00A-9D6D-4DFD-A810-2158CBD8D72A}"
EndProject
Project("{FAE04EC0-301F-11D3-BF4B-00C04F79EFBC}") = "Pendergast_PE12-4", "..\Pendergast_PE12-4\Pendergast_PE12-4.csproj", "{ED79AFCD-0E21-471F-B5CB-64D5E6BEE90D}"
EndProject
Global
	GlobalSection(SolutionConfigurationPlatforms) = preSolution
		Debug|Any CPU = Debug|Any CPU
		Release|Any CPU = Release|Any CPU
	EndGlobalSection
	GlobalSection(ProjectConfigurationPlatforms) = postSolution
		{9505C00A-9D6D-4DFD-A810-2158CBD8D72A}.Debug|Any CPU.ActiveCfg = Debug|Any CPU
		{9505C00A-9D6D-4DFD-A810-2158CBD8D72A}.Debug|Any CPU.Build.0 = Debug|Any CPU
		{9505C00A-9D6D-4DFD-A810-2158CBD8D72A}.Release|Any CPU.ActiveCfg = Release|Any CPU
		{9505C00A-9D6D-4DFD-A810-2158CBD8D72A}.Release|Any CPU.Build.0 = Release|Any CPU
		{ED79AFCD-0E21-471F-B5CB-64D5E6BEE90D}.Debug|Any CPU.ActiveCfg = Debug|Any CPU
		{ED79AFCD-0E21-471F-B5CB-64D5E6BEE90D}.Debug|Any CPU.Build.0 = Debug|Any CPU
		{ED79AFCD-0E21-471F-B5CB-64D5E6BEE90D}.Release|Any CPU.ActiveCfg = Release|Any CPU
		{ED79AFCD-0E21-471F-B5CB-64D5E6BEE90D}.Release|Any CPU.Build.0 = Release|Any CPU
	EndGlobalSection
	GlobalSection(SolutionProperties) = preSolution
		HideSolutionNode = FALSE
	EndGlobalSection
	GlobalSection(ExtensibilityGlobals) = postSolution
		SolutionGuid = {A715F776-AFAD-4DA2-B164-4B2BD3E997EB}
	EndGlobalSection
EndGlobal
