
Microsoft Visual Studio Solution File, Format Version 12.00
# Visual Studio Version 17
VisualStudioVersion = 17.4.33213.308
MinimumVisualStudioVersion = 10.0.40219.1
Project("{FAE04EC0-301F-11D3-BF4B-00C04F79EFBC}") = "Pendergast_PE12-3", "Pendergast_PE12-3.csproj", "{421B33A8-FD67-4D21-8885-41F9237ED96F}"
EndProject
Global
	GlobalSection(SolutionConfigurationPlatforms) = preSolution
		Debug|Any CPU = Debug|Any CPU
		Release|Any CPU = Release|Any CPU
	EndGlobalSection
	GlobalSection(ProjectConfigurationPlatforms) = postSolution
		{421B33A8-FD67-4D21-8885-41F9237ED96F}.Debug|Any CPU.ActiveCfg = Debug|Any CPU
		{421B33A8-FD67-4D21-8885-41F9237ED96F}.Debug|Any CPU.Build.0 = Debug|Any CPU
		{421B33A8-FD67-4D21-8885-41F9237ED96F}.Release|Any CPU.ActiveCfg = Release|Any CPU
		{421B33A8-FD67-4D21-8885-41F9237ED96F}.Release|Any CPU.Build.0 = Release|Any CPU
	EndGlobalSection
	GlobalSection(SolutionProperties) = preSolution
		HideSolutionNode = FALSE
	EndGlobalSection
	GlobalSection(ExtensibilityGlobals) = postSolution
		SolutionGuid = {CB200CF9-59AB-436B-B503-12A9F3E3965C}
	EndGlobalSection
EndGlobal
