
Microsoft Visual Studio Solution File, Format Version 12.00
# Visual Studio Version 17
VisualStudioVersion = 17.4.33213.308
MinimumVisualStudioVersion = 10.0.40219.1
Project("{FAE04EC0-301F-11D3-BF4B-00C04F79EFBC}") = "Pendergast_UnitTest1", "Pendergast_UnitTest1.csproj", "{5CEF9C11-05E0-4BC8-BD19-A4B764DE5EF5}"
EndProject
Global
	GlobalSection(SolutionConfigurationPlatforms) = preSolution
		Debug|Any CPU = Debug|Any CPU
		Release|Any CPU = Release|Any CPU
	EndGlobalSection
	GlobalSection(ProjectConfigurationPlatforms) = postSolution
		{5CEF9C11-05E0-4BC8-BD19-A4B764DE5EF5}.Debug|Any CPU.ActiveCfg = Debug|Any CPU
		{5CEF9C11-05E0-4BC8-BD19-A4B764DE5EF5}.Debug|Any CPU.Build.0 = Debug|Any CPU
		{5CEF9C11-05E0-4BC8-BD19-A4B764DE5EF5}.Release|Any CPU.ActiveCfg = Release|Any CPU
		{5CEF9C11-05E0-4BC8-BD19-A4B764DE5EF5}.Release|Any CPU.Build.0 = Release|Any CPU
	EndGlobalSection
	GlobalSection(SolutionProperties) = preSolution
		HideSolutionNode = FALSE
	EndGlobalSection
	GlobalSection(ExtensibilityGlobals) = postSolution
		SolutionGuid = {ADAFA965-6146-4E06-9C7D-B38BF9C8E66B}
	EndGlobalSection
EndGlobal
